// !$*UTF8*$!
{ "classes" = {  }; "objectVersion" = "56"; "archiveVersion" = "1"; "objects" = { "000000000000000000000006" = { "path" = "SafariExtension/Resources/fonts"; "isa" = "PBXFileReference"; "lastKnownFileType" = "folder"; "sourceTree" = "<group>"; }; "00000000000000000000001E" = { "buildConfigurationList" = "000000000000000000000011"; "productReference" = "00000000000000000000000C"; "productType" = "com.apple.product-type.app-extension"; "productName" = "Die ABLAGE Safari"; "isa" = "PBXNativeTarget"; "buildPhases" = ("000000000000000000000014", "000000000000000000000015", "00000000000000000000001D",); "dependencies" = (); "name" = "Die ABLAGE Safari"; "buildRules" = (); }; "000000000000000000000019" = { "isa" = "PBXBuildFile"; "fileRef" = "000000000000000000000007"; }; "000000000000000000000013" = { "isa" = "PBXBuildFile"; "fileRef" = "000000000000000000000002"; }; "00000000000000000000002B" = { "buildConfigurationList" = "000000000000000000000025"; "productReference" = "00000000000000000000000B"; "productType" = "com.apple.product-type.application"; "productName" = "Die ABLAGE"; "isa" = "PBXNativeTarget"; "buildPhases" = ("000000000000000000000028", "000000000000000000000029", "00000000000000000000002A", "00000000000000000000001F",); "dependencies" = ("000000000000000000000022",); "name" = "Die ABLAGE"; "buildRules" = (); }; "000000000000000000000026" = { "isa" = "PBXBuildFile"; "fileRef" = "000000000000000000000001"; }; "000000000000000000000020" = { "isa" = "PBXBuildFile"; "fileRef" = "00000000000000000000000C"; "settings" = { "ATTRIBUTES" = ("RemoveHeadersOnCopy",); }; }; "00000000000000000000000A" = { "path" = "SafariExtension/Resources/region-picker.js"; "isa" = "PBXFileReference"; "lastKnownFileType" = "sourcecode.javascript"; "sourceTree" = "<group>"; }; "000000000000000000000005" = { "path" = "SafariExtension/Resources/capture.js"; "isa" = "PBXFileReference"; "lastKnownFileType" = "sourcecode.javascript"; "sourceTree" = "<group>"; }; "00000000000000000000001D" = { "isa" = "PBXResourcesBuildPhase"; "buildActionMask" = "2147483647"; "files" = ("000000000000000000000016", "000000000000000000000017", "000000000000000000000018", "000000000000000000000019", "00000000000000000000001A", "00000000000000000000001B", "00000000000000000000001C", "DDDDDDDDDDDDDDDDDDDD0000", "DDDDDDDDDDDDDDDDDDDD0001", "DDDDDDDDDDDDDDDDDDDD0002", "DDDDDDDDDDDDDDDDDDDD0003",); "runOnlyForDeploymentPostprocessing" = "0"; }; "000000000000000000000018" = { "isa" = "PBXBuildFile"; "fileRef" = "000000000000000000000006"; }; "000000000000000000000012" = { "isa" = "PBXBuildFile"; "fileRef" = "000000000000000000000003"; }; "00000000000000000000002A" = { "isa" = "PBXResourcesBuildPhase"; "buildActionMask" = "2147483647"; "files" = (); "runOnlyForDeploymentPostprocessing" = "0"; }; "00000000000000000000000F" = { "isa" = "XCBuildConfiguration"; "buildSettings" = { "LD_RUNPATH_SEARCH_PATHS" = ("$(inherited)", "@executable_path/Frameworks",); "PRODUCT_NAME" = "Die ABLAGE Safari"; "DEVELOPMENT_TEAM" = ""; "CODE_SIGN_ENTITLEMENTS" = "SafariExtension/Safari.entitlements"; "MARKETING_VERSION" = "0.2.0"; "TARGETED_DEVICE_FAMILY" = "1,2"; "INFOPLIST_FILE" = "SafariExtension/Info.plist"; "APPLICATION_EXTENSION_API_ONLY" = "YES"; "SKIP_INSTALL" = "YES"; "SWIFT_ACTIVE_COMPILATION_CONDITIONS" = "DEBUG"; "GENERATE_INFOPLIST_FILE" = "NO"; "ALWAYS_SEARCH_USER_PATHS" = "NO"; "CODE_SIGN_STYLE" = "Automatic"; "APP_GROUP_IDENTIFIER" = "group.de.partei.hildesheim.ablage"; "SWIFT_VERSION" = "5.0"; "SDKROOT" = "iphoneos"; "CURRENT_PROJECT_VERSION" = "2"; "IPHONEOS_DEPLOYMENT_TARGET" = "17.0"; "PRODUCT_BUNDLE_IDENTIFIER" = "de.partei.hildesheim.ablage.safari"; }; "name" = "Debug"; }; "000000000000000000000025" = { "isa" = "XCConfigurationList"; "defaultConfigurationIsVisible" = "0"; "defaultConfigurationName" = "Release"; "buildConfigurations" = ("000000000000000000000023", "000000000000000000000024",); }; "000000000000000000000004" = { "path" = "SafariExtension/Resources/background.js"; "isa" = "PBXFileReference"; "lastKnownFileType" = "sourcecode.javascript"; "sourceTree" = "<group>"; }; "00000000000000000000001C" = { "isa" = "PBXBuildFile"; "fileRef" = "00000000000000000000000A"; }; "000000000000000000000017" = { "isa" = "PBXBuildFile"; "fileRef" = "000000000000000000000005"; }; "000000000000000000000011" = { "isa" = "XCConfigurationList"; "defaultConfigurationIsVisible" = "0"; "defaultConfigurationName" = "Release"; "buildConfigurations" = ("00000000000000000000000F", "000000000000000000000010",); }; "00000000000000000000000E" = { "isa" = "PBXGroup"; "sourceTree" = "<group>"; "children" = ("000000000000000000000001", "000000000000000000000002", "000000000000000000000003", "000000000000000000000004", "000000000000000000000005", "000000000000000000000006", "000000000000000000000007", "000000000000000000000008", "000000000000000000000009", "00000000000000000000000A", "00000000000000000000000D", "EEEEEEEEEEEEEEEEEEEE0000", "EEEEEEEEEEEEEEEEEEEE0001", "EEEEEEEEEEEEEEEEEEEE0002", "EEEEEEEEEEEEEEEEEEEE0003",); }; "000000000000000000000024" = { "isa" = "XCBuildConfiguration"; "buildSettings" = { "LD_RUNPATH_SEARCH_PATHS" = ("$(inherited)", "@executable_path/Frameworks",); "PRODUCT_NAME" = "Die ABLAGE"; "DEVELOPMENT_TEAM" = ""; "CODE_SIGN_ENTITLEMENTS" = "App/App.entitlements"; "MARKETING_VERSION" = "0.2.0"; "TARGETED_DEVICE_FAMILY" = "1,2"; "INFOPLIST_FILE" = "App/Info.plist"; "DEBUG_INFORMATION_FORMAT" = "dwarf-with-dsym"; "GENERATE_INFOPLIST_FILE" = "NO"; "ALWAYS_SEARCH_USER_PATHS" = "NO"; "CODE_SIGN_STYLE" = "Automatic"; "APP_GROUP_IDENTIFIER" = "group.de.partei.hildesheim.ablage"; "SWIFT_VERSION" = "5.0"; "SDKROOT" = "iphoneos"; "CURRENT_PROJECT_VERSION" = "2"; "IPHONEOS_DEPLOYMENT_TARGET" = "17.0"; "PRODUCT_BUNDLE_IDENTIFIER" = "de.partei.hildesheim.ablage"; }; "name" = "Release"; }; "000000000000000000000009" = { "path" = "SafariExtension/Resources/popup.js"; "isa" = "PBXFileReference"; "lastKnownFileType" = "sourcecode.javascript"; "sourceTree" = "<group>"; }; "000000000000000000000003" = { "path" = "SafariExtension/SafariWebExtensionHandler.swift"; "isa" = "PBXFileReference"; "lastKnownFileType" = "sourcecode.swift"; "sourceTree" = "<group>"; }; "00000000000000000000001B" = { "isa" = "PBXBuildFile"; "fileRef" = "000000000000000000000009"; }; "000000000000000000000016" = { "isa" = "PBXBuildFile"; "fileRef" = "000000000000000000000004"; }; "000000000000000000000010" = { "isa" = "XCBuildConfiguration"; "buildSettings" = { "LD_RUNPATH_SEARCH_PATHS" = ("$(inherited)", "@executable_path/Frameworks",); "PRODUCT_NAME" = "Die ABLAGE Safari"; "DEVELOPMENT_TEAM" = ""; "CODE_SIGN_ENTITLEMENTS" = "SafariExtension/Safari.entitlements"; "MARKETING_VERSION" = "0.2.0"; "TARGETED_DEVICE_FAMILY" = "1,2"; "INFOPLIST_FILE" = "SafariExtension/Info.plist"; "APPLICATION_EXTENSION_API_ONLY" = "YES"; "SKIP_INSTALL" = "YES"; "DEBUG_INFORMATION_FORMAT" = "dwarf-with-dsym"; "GENERATE_INFOPLIST_FILE" = "NO"; "ALWAYS_SEARCH_USER_PATHS" = "NO"; "CODE_SIGN_STYLE" = "Automatic"; "APP_GROUP_IDENTIFIER" = "group.de.partei.hildesheim.ablage"; "SWIFT_VERSION" = "5.0"; "SDKROOT" = "iphoneos"; "CURRENT_PROJECT_VERSION" = "2"; "IPHONEOS_DEPLOYMENT_TARGET" = "17.0"; "PRODUCT_BUNDLE_IDENTIFIER" = "de.partei.hildesheim.ablage.safari"; }; "name" = "Release"; }; "00000000000000000000002E" = { "isa" = "XCConfigurationList"; "defaultConfigurationIsVisible" = "0"; "defaultConfigurationName" = "Release"; "buildConfigurations" = ("00000000000000000000002C", "00000000000000000000002D",); }; "000000000000000000000029" = { "isa" = "PBXFrameworksBuildPhase"; "buildActionMask" = "2147483647"; "files" = (); "runOnlyForDeploymentPostprocessing" = "0"; }; "00000000000000000000000D" = { "isa" = "PBXGroup"; "name" = "Products"; "children" = ("00000000000000000000000B", "00000000000000000000000C",); "sourceTree" = "<group>"; }; "000000000000000000000023" = { "isa" = "XCBuildConfiguration"; "buildSettings" = { "LD_RUNPATH_SEARCH_PATHS" = ("$(inherited)", "@executable_path/Frameworks",); "PRODUCT_NAME" = "Die ABLAGE"; "DEVELOPMENT_TEAM" = ""; "CODE_SIGN_ENTITLEMENTS" = "App/App.entitlements"; "MARKETING_VERSION" = "0.2.0"; "TARGETED_DEVICE_FAMILY" = "1,2"; "INFOPLIST_FILE" = "App/Info.plist"; "SWIFT_ACTIVE_COMPILATION_CONDITIONS" = "DEBUG"; "GENERATE_INFOPLIST_FILE" = "NO"; "ALWAYS_SEARCH_USER_PATHS" = "NO"; "CODE_SIGN_STYLE" = "Automatic"; "APP_GROUP_IDENTIFIER" = "group.de.partei.hildesheim.ablage"; "SWIFT_VERSION" = "5.0"; "SDKROOT" = "iphoneos"; "CURRENT_PROJECT_VERSION" = "2"; "IPHONEOS_DEPLOYMENT_TARGET" = "17.0"; "PRODUCT_BUNDLE_IDENTIFIER" = "de.partei.hildesheim.ablage"; }; "name" = "Debug"; }; "000000000000000000000008" = { "path" = "SafariExtension/Resources/popup.html"; "isa" = "PBXFileReference"; "lastKnownFileType" = "text.html"; "sourceTree" = "<group>"; }; "000000000000000000000002" = { "path" = "Shared/CaptureStore.swift"; "isa" = "PBXFileReference"; "lastKnownFileType" = "sourcecode.swift"; "sourceTree" = "<group>"; }; "00000000000000000000001A" = { "isa" = "PBXBuildFile"; "fileRef" = "000000000000000000000008"; }; "FFFFFFFFFFFFFFFFFFFFFFFF" = { "buildConfigurationList" = "00000000000000000000002E"; "projectDirPath" = ""; "projectRoot" = ""; "knownRegions" = ("de", "en", "Base",); "isa" = "PBXProject"; "compatibilityVersion" = "Xcode 14.0"; "productRefGroup" = "00000000000000000000000D"; "mainGroup" = "00000000000000000000000E"; "developmentRegion" = "de"; "attributes" = { "LastUpgradeCheck" = "1600"; }; "targets" = ("00000000000000000000002B", "00000000000000000000001E",); }; "000000000000000000000015" = { "isa" = "PBXFrameworksBuildPhase"; "buildActionMask" = "2147483647"; "files" = (); "runOnlyForDeploymentPostprocessing" = "0"; }; "00000000000000000000002D" = { "isa" = "XCBuildConfiguration"; "buildSettings" = { "DEBUG_INFORMATION_FORMAT" = "dwarf-with-dsym"; }; "name" = "Release"; }; "000000000000000000000028" = { "isa" = "PBXSourcesBuildPhase"; "buildActionMask" = "2147483647"; "files" = ("000000000000000000000026", "000000000000000000000027",); "runOnlyForDeploymentPostprocessing" = "0"; }; "00000000000000000000000C" = { "path" = "Die ABLAGE Safari.appex"; "isa" = "PBXFileReference"; "explicitFileType" = "wrapper.app-extension"; "sourceTree" = "BUILT_PRODUCTS_DIR"; }; "000000000000000000000022" = { "isa" = "PBXTargetDependency"; "target" = "00000000000000000000001E"; "targetProxy" = "000000000000000000000021"; }; "000000000000000000000007" = { "path" = "SafariExtension/Resources/manifest.json"; "isa" = "PBXFileReference"; "lastKnownFileType" = "text.json"; "sourceTree" = "<group>"; }; "000000000000000000000001" = { "path" = "App/AblageApp.swift"; "isa" = "PBXFileReference"; "lastKnownFileType" = "sourcecode.swift"; "sourceTree" = "<group>"; }; "00000000000000000000001F" = { "buildActionMask" = "2147483647"; "dstSubfolderSpec" = "13"; "isa" = "PBXCopyFilesBuildPhase"; "runOnlyForDeploymentPostprocessing" = "0"; "dstPath" = ""; "name" = "Embed App Extensions"; "files" = ("000000000000000000000020",); }; "000000000000000000000014" = { "isa" = "PBXSourcesBuildPhase"; "buildActionMask" = "2147483647"; "files" = ("000000000000000000000012", "000000000000000000000013",); "runOnlyForDeploymentPostprocessing" = "0"; }; "00000000000000000000002C" = { "isa" = "XCBuildConfiguration"; "buildSettings" = { "SWIFT_ACTIVE_COMPILATION_CONDITIONS" = "DEBUG"; }; "name" = "Debug"; }; "000000000000000000000027" = { "isa" = "PBXBuildFile"; "fileRef" = "000000000000000000000002"; }; "00000000000000000000000B" = { "path" = "Die ABLAGE.app"; "isa" = "PBXFileReference"; "explicitFileType" = "wrapper.application"; "sourceTree" = "BUILT_PRODUCTS_DIR"; }; "000000000000000000000021" = { "isa" = "PBXContainerItemProxy"; "containerPortal" = "FFFFFFFFFFFFFFFFFFFFFFFF"; "remoteGlobalIDString" = "00000000000000000000001E"; "remoteInfo" = "Die ABLAGE Safari"; "proxyType" = "1"; }; "EEEEEEEEEEEEEEEEEEEE0000" = { "isa" = "PBXFileReference"; "lastKnownFileType" = "text"; "path" = "SafariExtension/Resources/queue.js"; "sourceTree" = "<group>"; }; "DDDDDDDDDDDDDDDDDDDD0000" = { "isa" = "PBXBuildFile"; "fileRef" = "EEEEEEEEEEEEEEEEEEEE0000"; }; "EEEEEEEEEEEEEEEEEEEE0001" = { "isa" = "PBXFileReference"; "lastKnownFileType" = "text"; "path" = "SafariExtension/Resources/screenshot.js"; "sourceTree" = "<group>"; }; "DDDDDDDDDDDDDDDDDDDD0001" = { "isa" = "PBXBuildFile"; "fileRef" = "EEEEEEEEEEEEEEEEEEEE0001"; }; "EEEEEEEEEEEEEEEEEEEE0002" = { "isa" = "PBXFileReference"; "lastKnownFileType" = "text"; "path" = "SafariExtension/Resources/screenshot.css"; "sourceTree" = "<group>"; }; "DDDDDDDDDDDDDDDDDDDD0002" = { "isa" = "PBXBuildFile"; "fileRef" = "EEEEEEEEEEEEEEEEEEEE0002"; }; "EEEEEEEEEEEEEEEEEEEE0003" = { "isa" = "PBXFileReference"; "lastKnownFileType" = "text"; "path" = "SafariExtension/Resources/screenshot.html"; "sourceTree" = "<group>"; }; "DDDDDDDDDDDDDDDDDDDD0003" = { "isa" = "PBXBuildFile"; "fileRef" = "EEEEEEEEEEEEEEEEEEEE0003"; }; }; "rootObject" = "FFFFFFFFFFFFFFFFFFFFFFFF"; }